{
  "name": "my-app",
  "version": "1.0.0",
  "lockfileVersion": 3,
  "requires": true,
  "packages": {
    "": {
      "name": "my-app",
      "version": "1.0.0",
      "license": "ISC",
      "dependencies": {
        "@gabriel_barbosa/fluentsql": "^1.0.0"
      }
    },
    "node_modules/@gabriel_barbosa/fluentsql": {
      "version": "1.0.1",
      "resolved": "https://registry.npmjs.org/@gabriel_barbosa/fluentsql/-/fluentsql-1.0.1.tgz",
      "integrity": "sha512-Wgj/xDVN7danEFbanYudqDA4WWMFyIJuPfaf0VfhNmeKYTGnoBjVv2Z/fhgbEZOTPgHdZ8AWz6JDHsO1i+urIg=="
    }
  }
}
