{
  "name": "my-app",
  "version": "1.0.0",
  "lockfileVersion": 3,
  "requires": true,
  "packages": {
    "": {
      "name": "my-app",
      "version": "1.0.0",
      "license": "ISC",
      "dependencies": {
        "@gabriel_barbosa/fluentsql": "^1.0.0"
      }
    },
    "node_modules/@gabriel_barbosa/fluentsql": {
      "version": "1.0.0",
      "resolved": "https://registry.npmjs.org/@gabriel_barbosa/fluentsql/-/fluentsql-1.0.0.tgz",
      "integrity": "sha512-qvXqaC9oyYi+BQWgbOW+HMPgvTefwoBWVjivBz/+N6N0QdPbQH61Rs7CgAk0EmKhv9/PPfRncR7cNoF0hQhoNw=="
    }
  }
}
